
Microsoft Visual Studio Solution File, Format Version 12.00
# Visual Studio 2013
VisualStudioVersion = 12.0.21005.1
MinimumVisualStudioVersion = 10.0.40219.1
Project("{FAE04EC0-301F-11D3-BF4B-00C04F79EFBC}") = "KatmanliMimari", "KatmanliMimari\KatmanliMimari.csproj", "{B94EDC93-16D5-4562-899E-B81C2C4657CD}"
EndProject
Project("{FAE04EC0-301F-11D3-BF4B-00C04F79EFBC}") = "DAL", "DAL\DAL.csproj", "{6962D398-CD57-4C14-9215-34B5A205F93A}"
EndProject
Project("{FAE04EC0-301F-11D3-BF4B-00C04F79EFBC}") = "BL", "BL\BL.csproj", "{788C6ACB-7F35-483A-B52F-66AAB90DB9B5}"
EndProject
Project("{FAE04EC0-301F-11D3-BF4B-00C04F79EFBC}") = "Entity", "Entity\Entity.csproj", "{376DDE30-6871-49EF-95B0-D6D3D61A3F28}"
EndProject
Global
	GlobalSection(SolutionConfigurationPlatforms) = preSolution
		Debug|Any CPU = Debug|Any CPU
		Release|Any CPU = Release|Any CPU
	EndGlobalSection
	GlobalSection(ProjectConfigurationPlatforms) = postSolution
		{B94EDC93-16D5-4562-899E-B81C2C4657CD}.Debug|Any CPU.ActiveCfg = Debug|Any CPU
		{B94EDC93-16D5-4562-899E-B81C2C4657CD}.Debug|Any CPU.Build.0 = Debug|Any CPU
		{B94EDC93-16D5-4562-899E-B81C2C4657CD}.Release|Any CPU.ActiveCfg = Release|Any CPU
		{B94EDC93-16D5-4562-899E-B81C2C4657CD}.Release|Any CPU.Build.0 = Release|Any CPU
		{6962D398-CD57-4C14-9215-34B5A205F93A}.Debug|Any CPU.ActiveCfg = Debug|Any CPU
		{6962D398-CD57-4C14-9215-34B5A205F93A}.Debug|Any CPU.Build.0 = Debug|Any CPU
		{6962D398-CD57-4C14-9215-34B5A205F93A}.Release|Any CPU.ActiveCfg = Release|Any CPU
		{6962D398-CD57-4C14-9215-34B5A205F93A}.Release|Any CPU.Build.0 = Release|Any CPU
		{788C6ACB-7F35-483A-B52F-66AAB90DB9B5}.Debug|Any CPU.ActiveCfg = Debug|Any CPU
		{788C6ACB-7F35-483A-B52F-66AAB90DB9B5}.Debug|Any CPU.Build.0 = Debug|Any CPU
		{788C6ACB-7F35-483A-B52F-66AAB90DB9B5}.Release|Any CPU.ActiveCfg = Release|Any CPU
		{788C6ACB-7F35-483A-B52F-66AAB90DB9B5}.Release|Any CPU.Build.0 = Release|Any CPU
		{376DDE30-6871-49EF-95B0-D6D3D61A3F28}.Debug|Any CPU.ActiveCfg = Debug|Any CPU
		{376DDE30-6871-49EF-95B0-D6D3D61A3F28}.Debug|Any CPU.Build.0 = Debug|Any CPU
		{376DDE30-6871-49EF-95B0-D6D3D61A3F28}.Release|Any CPU.ActiveCfg = Release|Any CPU
		{376DDE30-6871-49EF-95B0-D6D3D61A3F28}.Release|Any CPU.Build.0 = Release|Any CPU
	EndGlobalSection
	GlobalSection(SolutionProperties) = preSolution
		HideSolutionNode = FALSE
	EndGlobalSection
EndGlobal
